// !$*UTF8*$!
{
	archiveVersion = 1;
	classes = {
	};
	objectVersion = 50;
	objects = {

/* Begin PBXBuildFile section */
		BB08C1022694AFC900943034 /* AppDelegate.m in Sources */ = {isa = PBXBuildFile; fileRef = BB08C1012694AFC900943034 /* AppDelegate.m */; };
		BB08C1052694AFC900943034 /* SceneDelegate.m in Sources */ = {isa = PBXBuildFile; fileRef = BB08C1042694AFC900943034 /* SceneDelegate.m */; };
		BB08C1082694AFC900943034 /* ViewController.m in Sources */ = {isa = PBXBuildFile; fileRef = BB08C1072694AFC900943034 /* ViewController.m */; };
		BB08C10B2694AFC900943034 /* Main.storyboard in Resources */ = {isa = PBXBuildFile; fileRef = BB08C1092694AFC900943034 /* Main.storyboard */; };
		BB08C10D2694AFCA00943034 /* Assets.xcassets in Resources */ = {isa = PBXBuildFile; fileRef = BB08C10C2694AFCA00943034 /* Assets.xcassets */; };
		BB08C1102694AFCA00943034 /* LaunchScreen.storyboard in Resources */ = {isa = PBXBuildFile; fileRef = BB08C10E2694AFCA00943034 /* LaunchScreen.storyboard */; };
		BB08C1132694AFCA00943034 /* main.m in Sources */ = {isa = PBXBuildFile; fileRef = BB08C1122694AFCA00943034 /* main.m */; };
		BB08C11D2694AFCA00943034 /* ParseChatTests.m in Sources */ = {isa = PBXBuildFile; fileRef = BB08C11C2694AFCA00943034 /* ParseChatTests.m */; };
		BB08C1282694AFCA00943034 /* ParseChatUITests.m in Sources */ = {isa = PBXBuildFile; fileRef = BB08C1272694AFCA00943034 /* ParseChatUITests.m */; };
/* End PBXBuildFile section */

/* Begin PBXContainerItemProxy section */
		BB08C1192694AFCA00943034 /* PBXContainerItemProxy */ = {
			isa = PBXContainerItemProxy;
			containerPortal = BB08C0F52694AFC900943034 /* Project object */;
			proxyType = 1;
			remoteGlobalIDString = BB08C0FC2694AFC900943034;
			remoteInfo = ParseChat;
		};
		BB08C1242694AFCA00943034 /* PBXContainerItemProxy */ = {
			isa = PBXContainerItemProxy;
			containerPortal = BB08C0F52694AFC900943034 /* Project object */;
			proxyType = 1;
			remoteGlobalIDString = BB08C0FC2694AFC900943034;
			remoteInfo = ParseChat;
		};
/* End PBXContainerItemProxy section */

/* Begin PBXFileReference section */
		BB08C0FD2694AFC900943034 /* ParseChat.app */ = {isa = PBXFileReference; explicitFileType = wrapper.application; includeInIndex = 0; path = ParseChat.app; sourceTree = BUILT_PRODUCTS_DIR; };
		BB08C1002694AFC900943034 /* AppDelegate.h */ = {isa = PBXFileReference; lastKnownFileType = sourcecode.c.h; path = AppDelegate.h; sourceTree = "<group>"; };
		BB08C1012694AFC900943034 /* AppDelegate.m */ = {isa = PBXFileReference; lastKnownFileType = sourcecode.c.objc; path = AppDelegate.m; sourceTree = "<group>"; };
		BB08C1032694AFC900943034 /* SceneDelegate.h */ = {isa = PBXFileReference; lastKnownFileType = sourcecode.c.h; path = SceneDelegate.h; sourceTree = "<group>"; };
		BB08C1042694AFC900943034 /* SceneDelegate.m */ = {isa = PBXFileReference; lastKnownFileType = sourcecode.c.objc; path = SceneDelegate.m; sourceTree = "<group>"; };
		BB08C1062694AFC900943034 /* ViewController.h */ = {isa = PBXFileReference; lastKnownFileType = sourcecode.c.h; path = ViewController.h; sourceTree = "<group>"; };
		BB08C1072694AFC900943034 /* ViewController.m */ = {isa = PBXFileReference; lastKnownFileType = sourcecode.c.objc; path = ViewController.m; sourceTree = "<group>"; };
		BB08C10A2694AFC900943034 /* Base */ = {isa = PBXFileReference; lastKnownFileType = file.storyboard; name = Base; path = Base.lproj/Main.storyboard; sourceTree = "<group>"; };
		BB08C10C2694AFCA00943034 /* Assets.xcassets */ = {isa = PBXFileReference; lastKnownFileType = folder.assetcatalog; path = Assets.xcassets; sourceTree = "<group>"; };
		BB08C10F2694AFCA00943034 /* Base */ = {isa = PBXFileReference; lastKnownFileType = file.storyboard; name = Base; path = Base.lproj/LaunchScreen.storyboard; sourceTree = "<group>"; };
		BB08C1112694AFCA00943034 /* Info.plist */ = {isa = PBXFileReference; lastKnownFileType = text.plist.xml; path = Info.plist; sourceTree = "<group>"; };
		BB08C1122694AFCA00943034 /* main.m */ = {isa = PBXFileReference; lastKnownFileType = sourcecode.c.objc; path = main.m; sourceTree = "<group>"; };
		BB08C1182694AFCA00943034 /* ParseChatTests.xctest */ = {isa = PBXFileReference; explicitFileType = wrapper.cfbundle; includeInIndex = 0; path = ParseChatTests.xctest; sourceTree = BUILT_PRODUCTS_DIR; };
		BB08C11C2694AFCA00943034 /* ParseChatTests.m */ = {isa = PBXFileReference; lastKnownFileType = sourcecode.c.objc; path = ParseChatTests.m; sourceTree = "<group>"; };
		BB08C11E2694AFCA00943034 /* Info.plist */ = {isa = PBXFileReference; lastKnownFileType = text.plist.xml; path = Info.plist; sourceTree = "<group>"; };
		BB08C1232694AFCA00943034 /* ParseChatUITests.xctest */ = {isa = PBXFileReference; explicitFileType = wrapper.cfbundle; includeInIndex = 0; path = ParseChatUITests.xctest; sourceTree = BUILT_PRODUCTS_DIR; };
		BB08C1272694AFCA00943034 /* ParseChatUITests.m */ = {isa = PBXFileReference; lastKnownFileType = sourcecode.c.objc; path = ParseChatUITests.m; sourceTree = "<group>"; };
		BB08C1292694AFCA00943034 /* Info.plist */ = {isa = PBXFileReference; lastKnownFileType = text.plist.xml; path = Info.plist; sourceTree = "<group>"; };
/* End PBXFileReference section */

/* Begin PBXFrameworksBuildPhase section */
		BB08C0FA2694AFC900943034 /* Frameworks */ = {
			isa = PBXFrameworksBuildPhase;
			buildActionMask = 2147483647;
			files = (
			);
			runOnlyForDeploymentPostprocessing = 0;
		};
		BB08C1152694AFCA00943034 /* Frameworks */ = {
			isa = PBXFrameworksBuildPhase;
			buildActionMask = 2147483647;
			files = (
			);
			runOnlyForDeploymentPostprocessing = 0;
		};
		BB08C1202694AFCA00943034 /* Frameworks */ = {
			isa = PBXFrameworksBuildPhase;
			buildActionMask = 2147483647;
			files = (
			);
			runOnlyForDeploymentPostprocessing = 0;
		};
/* End PBXFrameworksBuildPhase section */

/* Begin PBXGroup section */
		BB08C0F42694AFC900943034 = {
			isa = PBXGroup;
			children = (
				BB08C0FF2694AFC900943034 /* ParseChat */,
				BB08C11B2694AFCA00943034 /* ParseChatTests */,
				BB08C1262694AFCA00943034 /* ParseChatUITests */,
				BB08C0FE2694AFC900943034 /* Products */,
			);
			sourceTree = "<group>";
		};
		BB08C0FE2694AFC900943034 /* Products */ = {
			isa = PBXGroup;
			children = (
				BB08C0FD2694AFC900943034 /* ParseChat.app */,
				BB08C1182694AFCA00943034 /* ParseChatTests.xctest */,
				BB08C1232694AFCA00943034 /* ParseChatUITests.xctest */,
			);
			name = Products;
			sourceTree = "<group>";
		};
		BB08C0FF2694AFC900943034 /* ParseChat */ = {
			isa = PBXGroup;
			children = (
				BB08C1002694AFC900943034 /* AppDelegate.h */,
				BB08C1012694AFC900943034 /* AppDelegate.m */,
				BB08C1032694AFC900943034 /* SceneDelegate.h */,
				BB08C1042694AFC900943034 /* SceneDelegate.m */,
				BB08C1062694AFC900943034 /* ViewController.h */,
				BB08C1072694AFC900943034 /* ViewController.m */,
				BB08C1092694AFC900943034 /* Main.storyboard */,
				BB08C10C2694AFCA00943034 /* Assets.xcassets */,
				BB08C10E2694AFCA00943034 /* LaunchScreen.storyboard */,
				BB08C1112694AFCA00943034 /* Info.plist */,
				BB08C1122694AFCA00943034 /* main.m */,
			);
			path = ParseChat;
			sourceTree = "<group>";
		};
		BB08C11B2694AFCA00943034 /* ParseChatTests */ = {
			isa = PBXGroup;
			children = (
				BB08C11C2694AFCA00943034 /* ParseChatTests.m */,
				BB08C11E2694AFCA00943034 /* Info.plist */,
			);
			path = ParseChatTests;
			sourceTree = "<group>";
		};
		BB08C1262694AFCA00943034 /* ParseChatUITests */ = {
			isa = PBXGroup;
			children = (
				BB08C1272694AFCA00943034 /* ParseChatUITests.m */,
				BB08C1292694AFCA00943034 /* Info.plist */,
			);
			path = ParseChatUITests;
			sourceTree = "<group>";
		};
/* End PBXGroup section */

/* Begin PBXNativeTarget section */
		BB08C0FC2694AFC900943034 /* ParseChat */ = {
			isa = PBXNativeTarget;
			buildConfigurationList = BB08C12C2694AFCA00943034 /* Build configuration list for PBXNativeTarget "ParseChat" */;
			buildPhases = (
				BB08C0F92694AFC900943034 /* Sources */,
				BB08C0FA2694AFC900943034 /* Frameworks */,
				BB08C0FB2694AFC900943034 /* Resources */,
			);
			buildRules = (
			);
			dependencies = (
			);
			name = ParseChat;
			productName = ParseChat;
			productReference = BB08C0FD2694AFC900943034 /* ParseChat.app */;
			productType = "com.apple.product-type.application";
		};
		BB08C1172694AFCA00943034 /* ParseChatTests */ = {
			isa = PBXNativeTarget;
			buildConfigurationList = BB08C12F2694AFCA00943034 /* Build configuration list for PBXNativeTarget "ParseChatTests" */;
			buildPhases = (
				BB08C1142694AFCA00943034 /* Sources */,
				BB08C1152694AFCA00943034 /* Frameworks */,
				BB08C1162694AFCA00943034 /* Resources */,
			);
			buildRules = (
			);
			dependencies = (
				BB08C11A2694AFCA00943034 /* PBXTargetDependency */,
			);
			name = ParseChatTests;
			productName = ParseChatTests;
			productReference = BB08C1182694AFCA00943034 /* ParseChatTests.xctest */;
			productType = "com.apple.product-type.bundle.unit-test";
		};
		BB08C1222694AFCA00943034 /* ParseChatUITests */ = {
			isa = PBXNativeTarget;
			buildConfigurationList = BB08C1322694AFCA00943034 /* Build configuration list for PBXNativeTarget "ParseChatUITests" */;
			buildPhases = (
				BB08C11F2694AFCA00943034 /* Sources */,
				BB08C1202694AFCA00943034 /* Frameworks */,
				BB08C1212694AFCA00943034 /* Resources */,
			);
			buildRules = (
			);
			dependencies = (
				BB08C1252694AFCA00943034 /* PBXTargetDependency */,
			);
			name = ParseChatUITests;
			productName = ParseChatUITests;
			productReference = BB08C1232694AFCA00943034 /* ParseChatUITests.xctest */;
			productType = "com.apple.product-type.bundle.ui-testing";
		};
/* End PBXNativeTarget section */

/* Begin PBXProject section */
		BB08C0F52694AFC900943034 /* Project object */ = {
			isa = PBXProject;
			attributes = {
				LastUpgradeCheck = 1250;
				TargetAttributes = {
					BB08C0FC2694AFC900943034 = {
						CreatedOnToolsVersion = 12.5.1;
					};
					BB08C1172694AFCA00943034 = {
						CreatedOnToolsVersion = 12.5.1;
						TestTargetID = BB08C0FC2694AFC900943034;
					};
					BB08C1222694AFCA00943034 = {
						CreatedOnToolsVersion = 12.5.1;
						TestTargetID = BB08C0FC2694AFC900943034;
					};
				};
			};
			buildConfigurationList = BB08C0F82694AFC900943034 /* Build configuration list for PBXProject "ParseChat" */;
			compatibilityVersion = "Xcode 9.3";
			developmentRegion = en;
			hasScannedForEncodings = 0;
			knownRegions = (
				en,
				Base,
			);
			mainGroup = BB08C0F42694AFC900943034;
			productRefGroup = BB08C0FE2694AFC900943034 /* Products */;
			projectDirPath = "";
			projectRoot = "";
			targets = (
				BB08C0FC2694AFC900943034 /* ParseChat */,
				BB08C1172694AFCA00943034 /* ParseChatTests */,
				BB08C1222694AFCA00943034 /* ParseChatUITests */,
			);
		};
/* End PBXProject section */

/* Begin PBXResourcesBuildPhase section */
		BB08C0FB2694AFC900943034 /* Resources */ = {
			isa = PBXResourcesBuildPhase;
			buildActionMask = 2147483647;
			files = (
				BB08C1102694AFCA00943034 /* LaunchScreen.storyboard in Resources */,
				BB08C10D2694AFCA00943034 /* Assets.xcassets in Resources */,
				BB08C10B2694AFC900943034 /* Main.storyboard in Resources */,
			);
			runOnlyForDeploymentPostprocessing = 0;
		};
		BB08C1162694AFCA00943034 /* Resources */ = {
			isa = PBXResourcesBuildPhase;
			buildActionMask = 2147483647;
			files = (
			);
			runOnlyForDeploymentPostprocessing = 0;
		};
		BB08C1212694AFCA00943034 /* Resources */ = {
			isa = PBXResourcesBuildPhase;
			buildActionMask = 2147483647;
			files = (
			);
			runOnlyForDeploymentPostprocessing = 0;
		};
/* End PBXResourcesBuildPhase section */

/* Begin PBXSourcesBuildPhase section */
		BB08C0F92694AFC900943034 /* Sources */ = {
			isa = PBXSourcesBuildPhase;
			buildActionMask = 2147483647;
			files = (
				BB08C1082694AFC900943034 /* ViewController.m in Sources */,
				BB08C1022694AFC900943034 /* AppDelegate.m in Sources */,
				BB08C1132694AFCA00943034 /* main.m in Sources */,
				BB08C1052694AFC900943034 /* SceneDelegate.m in Sources */,
			);
			runOnlyForDeploymentPostprocessing = 0;
		};
		BB08C1142694AFCA00943034 /* Sources */ = {
			isa = PBXSourcesBuildPhase;
			buildActionMask = 2147483647;
			files = (
				BB08C11D2694AFCA00943034 /* ParseChatTests.m in Sources */,
			);
			runOnlyForDeploymentPostprocessing = 0;
		};
		BB08C11F2694AFCA00943034 /* Sources */ = {
			isa = PBXSourcesBuildPhase;
			buildActionMask = 2147483647;
			files = (
				BB08C1282694AFCA00943034 /* ParseChatUITests.m in Sources */,
			);
			runOnlyForDeploymentPostprocessing = 0;
		};
/* End PBXSourcesBuildPhase section */

/* Begin PBXTargetDependency section */
		BB08C11A2694AFCA00943034 /* PBXTargetDependency */ = {
			isa = PBXTargetDependency;
			target = BB08C0FC2694AFC900943034 /* ParseChat */;
			targetProxy = BB08C1192694AFCA00943034 /* PBXContainerItemProxy */;
		};
		BB08C1252694AFCA00943034 /* PBXTargetDependency */ = {
			isa = PBXTargetDependency;
			target = BB08C0FC2694AFC900943034 /* ParseChat */;
			targetProxy = BB08C1242694AFCA00943034 /* PBXContainerItemProxy */;
		};
/* End PBXTargetDependency section */

/* Begin PBXVariantGroup section */
		BB08C1092694AFC900943034 /* Main.storyboard */ = {
			isa = PBXVariantGroup;
			children = (
				BB08C10A2694AFC900943034 /* Base */,
			);
			name = Main.storyboard;
			sourceTree = "<group>";
		};
		BB08C10E2694AFCA00943034 /* LaunchScreen.storyboard */ = {
			isa = PBXVariantGroup;
			children = (
				BB08C10F2694AFCA00943034 /* Base */,
			);
			name = LaunchScreen.storyboard;
			sourceTree = "<group>";
		};
/* End PBXVariantGroup section */

/* Begin XCBuildConfiguration section */
		BB08C12A2694AFCA00943034 /* Debug */ = {
			isa = XCBuildConfiguration;
			buildSettings = {
				ALWAYS_SEARCH_USER_PATHS = NO;
				CLANG_ANALYZER_NONNULL = YES;
				CLANG_ANALYZER_NUMBER_OBJECT_CONVERSION = YES_AGGRESSIVE;
				CLANG_CXX_LANGUAGE_STANDARD = "gnu++14";
				CLANG_CXX_LIBRARY = "libc++";
				CLANG_ENABLE_MODULES = YES;
				CLANG_ENABLE_OBJC_ARC = YES;
				CLANG_ENABLE_OBJC_WEAK = YES;
				CLANG_WARN_BLOCK_CAPTURE_AUTORELEASING = YES;
				CLANG_WARN_BOOL_CONVERSION = YES;
				CLANG_WARN_COMMA = YES;
				CLANG_WARN_CONSTANT_CONVERSION = YES;
				CLANG_WARN_DEPRECATED_OBJC_IMPLEMENTATIONS = YES;
				CLANG_WARN_DIRECT_OBJC_ISA_USAGE = YES_ERROR;
				CLANG_WARN_DOCUMENTATION_COMMENTS = YES;
				CLANG_WARN_EMPTY_BODY = YES;
				CLANG_WARN_ENUM_CONVERSION = YES;
				CLANG_WARN_INFINITE_RECURSION = YES;
				CLANG_WARN_INT_CONVERSION = YES;
				CLANG_WARN_NON_LITERAL_NULL_CONVERSION = YES;
				CLANG_WARN_OBJC_IMPLICIT_RETAIN_SELF = YES;
				CLANG_WARN_OBJC_LITERAL_CONVERSION = YES;
				CLANG_WARN_OBJC_ROOT_CLASS = YES_ERROR;
				CLANG_WARN_QUOTED_INCLUDE_IN_FRAMEWORK_HEADER = YES;
				CLANG_WARN_RANGE_LOOP_ANALYSIS = YES;
				CLANG_WARN_STRICT_PROTOTYPES = YES;
				CLANG_WARN_SUSPICIOUS_MOVE = YES;
				CLANG_WARN_UNGUARDED_AVAILABILITY = YES_AGGRESSIVE;
				CLANG_WARN_UNREACHABLE_CODE = YES;
				CLANG_WARN__DUPLICATE_METHOD_MATCH = YES;
				COPY_PHASE_STRIP = NO;
				DEBUG_INFORMATION_FORMAT = dwarf;
				ENABLE_STRICT_OBJC_MSGSEND = YES;
				ENABLE_TESTABILITY = YES;
				GCC_C_LANGUAGE_STANDARD = gnu11;
				GCC_DYNAMIC_NO_PIC = NO;
				GCC_NO_COMMON_BLOCKS = YES;
				GCC_OPTIMIZATION_LEVEL = 0;
				GCC_PREPROCESSOR_DEFINITIONS = (
					"DEBUG=1",
					"$(inherited)",
				);
				GCC_WARN_64_TO_32_BIT_CONVERSION = YES;
				GCC_WARN_ABOUT_RETURN_TYPE = YES_ERROR;
				GCC_WARN_UNDECLARED_SELECTOR = YES;
				GCC_WARN_UNINITIALIZED_AUTOS = YES_AGGRESSIVE;
				GCC_WARN_UNUSED_FUNCTION = YES;
				GCC_WARN_UNUSED_VARIABLE = YES;
				IPHONEOS_DEPLOYMENT_TARGET = 14.5;
				MTL_ENABLE_DEBUG_INFO = INCLUDE_SOURCE;
				MTL_FAST_MATH = YES;
				ONLY_ACTIVE_ARCH = YES;
				SDKROOT = iphoneos;
			};
			name = Debug;
		};
		BB08C12B2694AFCA00943034 /* Release */ = {
			isa = XCBuildConfiguration;
			buildSettings = {
				ALWAYS_SEARCH_USER_PATHS = NO;
				CLANG_ANALYZER_NONNULL = YES;
				CLANG_ANALYZER_NUMBER_OBJECT_CONVERSION = YES_AGGRESSIVE;
				CLANG_CXX_LANGUAGE_STANDARD = "gnu++14";
				CLANG_CXX_LIBRARY = "libc++";
				CLANG_ENABLE_MODULES = YES;
				CLANG_ENABLE_OBJC_ARC = YES;
				CLANG_ENABLE_OBJC_WEAK = YES;
				CLANG_WARN_BLOCK_CAPTURE_AUTORELEASING = YES;
				CLANG_WARN_BOOL_CONVERSION = YES;
				CLANG_WARN_COMMA = YES;
				CLANG_WARN_CONSTANT_CONVERSION = YES;
				CLANG_WARN_DEPRECATED_OBJC_IMPLEMENTATIONS = YES;
				CLANG_WARN_DIRECT_OBJC_ISA_USAGE = YES_ERROR;
				CLANG_WARN_DOCUMENTATION_COMMENTS = YES;
				CLANG_WARN_EMPTY_BODY = YES;
				CLANG_WARN_ENUM_CONVERSION = YES;
				CLANG_WARN_INFINITE_RECURSION = YES;
				CLANG_WARN_INT_CONVERSION = YES;
				CLANG_WARN_NON_LITERAL_NULL_CONVERSION = YES;
				CLANG_WARN_OBJC_IMPLICIT_RETAIN_SELF = YES;
				CLANG_WARN_OBJC_LITERAL_CONVERSION = YES;
				CLANG_WARN_OBJC_ROOT_CLASS = YES_ERROR;
				CLANG_WARN_QUOTED_INCLUDE_IN_FRAMEWORK_HEADER = YES;
				CLANG_WARN_RANGE_LOOP_ANALYSIS = YES;
				CLANG_WARN_STRICT_PROTOTYPES = YES;
				CLANG_WARN_SUSPICIOUS_MOVE = YES;
				CLANG_WARN_UNGUARDED_AVAILABILITY = YES_AGGRESSIVE;
				CLANG_WARN_UNREACHABLE_CODE = YES;
				CLANG_WARN__DUPLICATE_METHOD_MATCH = YES;
				COPY_PHASE_STRIP = NO;
				DEBUG_INFORMATION_FORMAT = "dwarf-with-dsym";
				ENABLE_NS_ASSERTIONS = NO;
				ENABLE_STRICT_OBJC_MSGSEND = YES;
				GCC_C_LANGUAGE_STANDARD = gnu11;
				GCC_NO_COMMON_BLOCKS = YES;
				GCC_WARN_64_TO_32_BIT_CONVERSION = YES;
				GCC_WARN_ABOUT_RETURN_TYPE = YES_ERROR;
				GCC_WARN_UNDECLARED_SELECTOR = YES;
				GCC_WARN_UNINITIALIZED_AUTOS = YES_AGGRESSIVE;
				GCC_WARN_UNUSED_FUNCTION = YES;
				GCC_WARN_UNUSED_VARIABLE = YES;
				IPHONEOS_DEPLOYMENT_TARGET = 14.5;
				MTL_ENABLE_DEBUG_INFO = NO;
				MTL_FAST_MATH = YES;
				SDKROOT = iphoneos;
				VALIDATE_PRODUCT = YES;
			};
			name = Release;
		};
		BB08C12D2694AFCA00943034 /* Debug */ = {
			isa = XCBuildConfiguration;
			buildSettings = {
				ASSETCATALOG_COMPILER_APPICON_NAME = AppIcon;
				ASSETCATALOG_COMPILER_GLOBAL_ACCENT_COLOR_NAME = AccentColor;
				CODE_SIGN_STYLE = Automatic;
				DEVELOPMENT_TEAM = GL963PV45Q;
				INFOPLIST_FILE = ParseChat/Info.plist;
				LD_RUNPATH_SEARCH_PATHS = (
					"$(inherited)",
					"@executable_path/Frameworks",
				);
				PRODUCT_BUNDLE_IDENTIFIER = com.codepath.ParseChat;
				PRODUCT_NAME = "$(TARGET_NAME)";
				TARGETED_DEVICE_FAMILY = "1,2";
			};
			name = Debug;
		};
		BB08C12E2694AFCA00943034 /* Release */ = {
			isa = XCBuildConfiguration;
			buildSettings = {
				ASSETCATALOG_COMPILER_APPICON_NAME = AppIcon;
				ASSETCATALOG_COMPILER_GLOBAL_ACCENT_COLOR_NAME = AccentColor;
				CODE_SIGN_STYLE = Automatic;
				DEVELOPMENT_TEAM = GL963PV45Q;
				INFOPLIST_FILE = ParseChat/Info.plist;
				LD_RUNPATH_SEARCH_PATHS = (
					"$(inherited)",
					"@executable_path/Frameworks",
				);
				PRODUCT_BUNDLE_IDENTIFIER = com.codepath.ParseChat;
				PRODUCT_NAME = "$(TARGET_NAME)";
				TARGETED_DEVICE_FAMILY = "1,2";
			};
			name = Release;
		};
		BB08C1302694AFCA00943034 /* Debug */ = {
			isa = XCBuildConfiguration;
			buildSettings = {
				BUNDLE_LOADER = "$(TEST_HOST)";
				CODE_SIGN_STYLE = Automatic;
				DEVELOPMENT_TEAM = GL963PV45Q;
				INFOPLIST_FILE = ParseChatTests/Info.plist;
				IPHONEOS_DEPLOYMENT_TARGET = 14.5;
				LD_RUNPATH_SEARCH_PATHS = (
					"$(inherited)",
					"@executable_path/Frameworks",
					"@loader_path/Frameworks",
				);
				PRODUCT_BUNDLE_IDENTIFIER = com.codepath.ParseChatTests;
				PRODUCT_NAME = "$(TARGET_NAME)";
				TARGETED_DEVICE_FAMILY = "1,2";
				TEST_HOST = "$(BUILT_PRODUCTS_DIR)/ParseChat.app/ParseChat";
			};
			name = Debug;
		};
		BB08C1312694AFCA00943034 /* Release */ = {
			isa = XCBuildConfiguration;
			buildSettings = {
				BUNDLE_LOADER = "$(TEST_HOST)";
				CODE_SIGN_STYLE = Automatic;
				DEVELOPMENT_TEAM = GL963PV45Q;
				INFOPLIST_FILE = ParseChatTests/Info.plist;
				IPHONEOS_DEPLOYMENT_TARGET = 14.5;
				LD_RUNPATH_SEARCH_PATHS = (
					"$(inherited)",
					"@executable_path/Frameworks",
					"@loader_path/Frameworks",
				);
				PRODUCT_BUNDLE_IDENTIFIER = com.codepath.ParseChatTests;
				PRODUCT_NAME = "$(TARGET_NAME)";
				TARGETED_DEVICE_FAMILY = "1,2";
				TEST_HOST = "$(BUILT_PRODUCTS_DIR)/ParseChat.app/ParseChat";
			};
			name = Release;
		};
		BB08C1332694AFCA00943034 /* Debug */ = {
			isa = XCBuildConfiguration;
			buildSettings = {
				CODE_SIGN_STYLE = Automatic;
				DEVELOPMENT_TEAM = GL963PV45Q;
				INFOPLIST_FILE = ParseChatUITests/Info.plist;
				LD_RUNPATH_SEARCH_PATHS = (
					"$(inherited)",
					"@executable_path/Frameworks",
					"@loader_path/Frameworks",
				);
				PRODUCT_BUNDLE_IDENTIFIER = com.codepath.ParseChatUITests;
				PRODUCT_NAME = "$(TARGET_NAME)";
				TARGETED_DEVICE_FAMILY = "1,2";
				TEST_TARGET_NAME = ParseChat;
			};
			name = Debug;
		};
		BB08C1342694AFCA00943034 /* Release */ = {
			isa = XCBuildConfiguration;
			buildSettings = {
				CODE_SIGN_STYLE = Automatic;
				DEVELOPMENT_TEAM = GL963PV45Q;
				INFOPLIST_FILE = ParseChatUITests/Info.plist;
				LD_RUNPATH_SEARCH_PATHS = (
					"$(inherited)",
					"@executable_path/Frameworks",
					"@loader_path/Frameworks",
				);
				PRODUCT_BUNDLE_IDENTIFIER = com.codepath.ParseChatUITests;
				PRODUCT_NAME = "$(TARGET_NAME)";
				TARGETED_DEVICE_FAMILY = "1,2";
				TEST_TARGET_NAME = ParseChat;
			};
			name = Release;
		};
/* End XCBuildConfiguration section */

/* Begin XCConfigurationList section */
		BB08C0F82694AFC900943034 /* Build configuration list for PBXProject "ParseChat" */ = {
			isa = XCConfigurationList;
			buildConfigurations = (
				BB08C12A2694AFCA00943034 /* Debug */,
				BB08C12B2694AFCA00943034 /* Release */,
			);
			defaultConfigurationIsVisible = 0;
			defaultConfigurationName = Release;
		};
		BB08C12C2694AFCA00943034 /* Build configuration list for PBXNativeTarget "ParseChat" */ = {
			isa = XCConfigurationList;
			buildConfigurations = (
				BB08C12D2694AFCA00943034 /* Debug */,
				BB08C12E2694AFCA00943034 /* Release */,
			);
			defaultConfigurationIsVisible = 0;
			defaultConfigurationName = Release;
		};
		BB08C12F2694AFCA00943034 /* Build configuration list for PBXNativeTarget "ParseChatTests" */ = {
			isa = XCConfigurationList;
			buildConfigurations = (
				BB08C1302694AFCA00943034 /* Debug */,
				BB08C1312694AFCA00943034 /* Release */,
			);
			defaultConfigurationIsVisible = 0;
			defaultConfigurationName = Release;
		};
		BB08C1322694AFCA00943034 /* Build configuration list for PBXNativeTarget "ParseChatUITests" */ = {
			isa = XCConfigurationList;
			buildConfigurations = (
				BB08C1332694AFCA00943034 /* Debug */,
				BB08C1342694AFCA00943034 /* Release */,
			);
			defaultConfigurationIsVisible = 0;
			defaultConfigurationName = Release;
		};
/* End XCConfigurationList section */
	};
	rootObject = BB08C0F52694AFC900943034 /* Project object */;
}
